
Microsoft Visual Studio Solution File, Format Version 12.00
# Visual Studio 14
VisualStudioVersion = 14.0.25420.1
MinimumVisualStudioVersion = 10.0.40219.1
Project("{2150E333-8FDC-42A3-9474-1A3956D46DE8}") = "Presentation Layers", "Presentation Layers", "{D3D16F7D-4449-49D7-8122-B4CF8C05FB08}"
EndProject
Project("{2150E333-8FDC-42A3-9474-1A3956D46DE8}") = "Business Layers", "Business Layers", "{0BDDC5EE-60EF-4A65-80CA-F57BB737B6AD}"
EndProject
Project("{2150E333-8FDC-42A3-9474-1A3956D46DE8}") = "Data Layers", "Data Layers", "{D2B72F3A-8ABC-4100-A329-2622880E8CCA}"
EndProject
Project("{2150E333-8FDC-42A3-9474-1A3956D46DE8}") = "Commons", "Commons", "{A93D2A7C-11EA-41CA-9062-BDF539753841}"
EndProject
Project("{FAE04EC0-301F-11D3-BF4B-00C04F79EFBC}") = "Yumiki.Web.Master", "Presentation Layers\Yumiki.Web.Master\Yumiki.Web.Master.csproj", "{E83ED1DB-6862-47BC-83C8-E48040B9D24E}"
EndProject
Project("{2150E333-8FDC-42A3-9474-1A3956D46DE8}") = "Databases", "Databases", "{A21981DF-2EE1-48E1-B392-EFE7A9D75ED5}"
EndProject
Project("{FAE04EC0-301F-11D3-BF4B-00C04F79EFBC}") = "Yumiki.Common.Helper", "Commons\Yumiki.Common.ClassHelper\Yumiki.Common.Helper.csproj", "{1236C601-2B5A-47DE-A6B3-8B81D56E56DE}"
EndProject
Project("{FAE04EC0-301F-11D3-BF4B-00C04F79EFBC}") = "Yumiki.Common.Dictionary", "Commons\Yumiki.Common.Dictionary\Yumiki.Common.Dictionary.csproj", "{7BDCBFBD-82DE-4A9B-97D2-D9C2FFB97821}"
EndProject
Project("{FAE04EC0-301F-11D3-BF4B-00C04F79EFBC}") = "Yumiki.Business.Administration", "Business Layers\Yumiki.Business.Administration\Yumiki.Business.Administration.csproj", "{AD55E86C-84AE-40D3-B44C-3E71013DBEB2}"
EndProject
Project("{FAE04EC0-301F-11D3-BF4B-00C04F79EFBC}") = "Yumiki.Data.Administration", "Data Layers\Yumiki.Data.Administration\Yumiki.Data.Administration.csproj", "{79010FE1-2086-452B-8CD0-265D7353FD60}"
EndProject
Project("{FAE04EC0-301F-11D3-BF4B-00C04F79EFBC}") = "Yumiki.Web.Administration", "Presentation Layers\Yumiki.Web.Master\Areas\Administration\Yumiki.Web.Administration.csproj", "{C73E2EF1-0899-4FA7-82D6-81460D89DFF5}"
EndProject
Project("{FAE04EC0-301F-11D3-BF4B-00C04F79EFBC}") = "Yumiki.Databases", "Databases\Yumiki.Databases\Yumiki.Databases.csproj", "{29B8F432-1BAF-4B12-A3DD-19F19D0EFDCC}"
EndProject
Project("{2150E333-8FDC-42A3-9474-1A3956D46DE8}") = "Entities", "Entities", "{9FD309C8-B86E-407C-BC05-88C4F508B276}"
EndProject
Project("{FAE04EC0-301F-11D3-BF4B-00C04F79EFBC}") = "Yumiki.Entity.Administration", "Entities\Yumiki.Entity.Administration\Yumiki.Entity.Administration.csproj", "{9D97C77F-B1DD-435A-B9AB-CC56115E061A}"
EndProject
Project("{FAE04EC0-301F-11D3-BF4B-00C04F79EFBC}") = "Yumiki.Base", "Commons\Yumiki.Base\Yumiki.Base.csproj", "{04117F61-B63A-4414-A95D-63E6288449C6}"
EndProject
Global
	GlobalSection(SolutionConfigurationPlatforms) = preSolution
		Debug|Any CPU = Debug|Any CPU
		Release|Any CPU = Release|Any CPU
	EndGlobalSection
	GlobalSection(ProjectConfigurationPlatforms) = postSolution
		{E83ED1DB-6862-47BC-83C8-E48040B9D24E}.Debug|Any CPU.ActiveCfg = Debug|Any CPU
		{E83ED1DB-6862-47BC-83C8-E48040B9D24E}.Debug|Any CPU.Build.0 = Debug|Any CPU
		{E83ED1DB-6862-47BC-83C8-E48040B9D24E}.Release|Any CPU.ActiveCfg = Release|Any CPU
		{E83ED1DB-6862-47BC-83C8-E48040B9D24E}.Release|Any CPU.Build.0 = Release|Any CPU
		{1236C601-2B5A-47DE-A6B3-8B81D56E56DE}.Debug|Any CPU.ActiveCfg = Debug|Any CPU
		{1236C601-2B5A-47DE-A6B3-8B81D56E56DE}.Debug|Any CPU.Build.0 = Debug|Any CPU
		{1236C601-2B5A-47DE-A6B3-8B81D56E56DE}.Release|Any CPU.ActiveCfg = Release|Any CPU
		{1236C601-2B5A-47DE-A6B3-8B81D56E56DE}.Release|Any CPU.Build.0 = Release|Any CPU
		{7BDCBFBD-82DE-4A9B-97D2-D9C2FFB97821}.Debug|Any CPU.ActiveCfg = Debug|Any CPU
		{7BDCBFBD-82DE-4A9B-97D2-D9C2FFB97821}.Debug|Any CPU.Build.0 = Debug|Any CPU
		{7BDCBFBD-82DE-4A9B-97D2-D9C2FFB97821}.Release|Any CPU.ActiveCfg = Release|Any CPU
		{7BDCBFBD-82DE-4A9B-97D2-D9C2FFB97821}.Release|Any CPU.Build.0 = Release|Any CPU
		{AD55E86C-84AE-40D3-B44C-3E71013DBEB2}.Debug|Any CPU.ActiveCfg = Debug|Any CPU
		{AD55E86C-84AE-40D3-B44C-3E71013DBEB2}.Debug|Any CPU.Build.0 = Debug|Any CPU
		{AD55E86C-84AE-40D3-B44C-3E71013DBEB2}.Release|Any CPU.ActiveCfg = Release|Any CPU
		{AD55E86C-84AE-40D3-B44C-3E71013DBEB2}.Release|Any CPU.Build.0 = Release|Any CPU
		{79010FE1-2086-452B-8CD0-265D7353FD60}.Debug|Any CPU.ActiveCfg = Debug|Any CPU
		{79010FE1-2086-452B-8CD0-265D7353FD60}.Debug|Any CPU.Build.0 = Debug|Any CPU
		{79010FE1-2086-452B-8CD0-265D7353FD60}.Release|Any CPU.ActiveCfg = Release|Any CPU
		{79010FE1-2086-452B-8CD0-265D7353FD60}.Release|Any CPU.Build.0 = Release|Any CPU
		{C73E2EF1-0899-4FA7-82D6-81460D89DFF5}.Debug|Any CPU.ActiveCfg = Debug|Any CPU
		{C73E2EF1-0899-4FA7-82D6-81460D89DFF5}.Debug|Any CPU.Build.0 = Debug|Any CPU
		{C73E2EF1-0899-4FA7-82D6-81460D89DFF5}.Release|Any CPU.ActiveCfg = Release|Any CPU
		{C73E2EF1-0899-4FA7-82D6-81460D89DFF5}.Release|Any CPU.Build.0 = Release|Any CPU
		{29B8F432-1BAF-4B12-A3DD-19F19D0EFDCC}.Debug|Any CPU.ActiveCfg = Debug|Any CPU
		{29B8F432-1BAF-4B12-A3DD-19F19D0EFDCC}.Debug|Any CPU.Build.0 = Debug|Any CPU
		{29B8F432-1BAF-4B12-A3DD-19F19D0EFDCC}.Release|Any CPU.ActiveCfg = Release|Any CPU
		{29B8F432-1BAF-4B12-A3DD-19F19D0EFDCC}.Release|Any CPU.Build.0 = Release|Any CPU
		{9D97C77F-B1DD-435A-B9AB-CC56115E061A}.Debug|Any CPU.ActiveCfg = Debug|Any CPU
		{9D97C77F-B1DD-435A-B9AB-CC56115E061A}.Debug|Any CPU.Build.0 = Debug|Any CPU
		{9D97C77F-B1DD-435A-B9AB-CC56115E061A}.Release|Any CPU.ActiveCfg = Release|Any CPU
		{9D97C77F-B1DD-435A-B9AB-CC56115E061A}.Release|Any CPU.Build.0 = Release|Any CPU
		{04117F61-B63A-4414-A95D-63E6288449C6}.Debug|Any CPU.ActiveCfg = Debug|Any CPU
		{04117F61-B63A-4414-A95D-63E6288449C6}.Debug|Any CPU.Build.0 = Debug|Any CPU
		{04117F61-B63A-4414-A95D-63E6288449C6}.Release|Any CPU.ActiveCfg = Release|Any CPU
		{04117F61-B63A-4414-A95D-63E6288449C6}.Release|Any CPU.Build.0 = Release|Any CPU
	EndGlobalSection
	GlobalSection(SolutionProperties) = preSolution
		HideSolutionNode = FALSE
	EndGlobalSection
	GlobalSection(NestedProjects) = preSolution
		{E83ED1DB-6862-47BC-83C8-E48040B9D24E} = {D3D16F7D-4449-49D7-8122-B4CF8C05FB08}
		{1236C601-2B5A-47DE-A6B3-8B81D56E56DE} = {A93D2A7C-11EA-41CA-9062-BDF539753841}
		{7BDCBFBD-82DE-4A9B-97D2-D9C2FFB97821} = {A93D2A7C-11EA-41CA-9062-BDF539753841}
		{AD55E86C-84AE-40D3-B44C-3E71013DBEB2} = {0BDDC5EE-60EF-4A65-80CA-F57BB737B6AD}
		{79010FE1-2086-452B-8CD0-265D7353FD60} = {D2B72F3A-8ABC-4100-A329-2622880E8CCA}
		{C73E2EF1-0899-4FA7-82D6-81460D89DFF5} = {D3D16F7D-4449-49D7-8122-B4CF8C05FB08}
		{29B8F432-1BAF-4B12-A3DD-19F19D0EFDCC} = {A21981DF-2EE1-48E1-B392-EFE7A9D75ED5}
		{9D97C77F-B1DD-435A-B9AB-CC56115E061A} = {9FD309C8-B86E-407C-BC05-88C4F508B276}
		{04117F61-B63A-4414-A95D-63E6288449C6} = {A93D2A7C-11EA-41CA-9062-BDF539753841}
	EndGlobalSection
EndGlobal
