
Microsoft Visual Studio Solution File, Format Version 12.00
# Visual Studio 15
VisualStudioVersion = 15.0.27130.2027
MinimumVisualStudioVersion = 10.0.40219.1
Project("{2150E333-8FDC-42A3-9474-1A3956D46DE8}") = "Bases", "Bases", "{98CBC24E-7226-440D-91EA-AC893F61218E}"
EndProject
Project("{2150E333-8FDC-42A3-9474-1A3956D46DE8}") = "Commons", "Commons", "{5CF9EC9C-A660-4177-99A8-374DE3E55C4E}"
EndProject
Project("{2150E333-8FDC-42A3-9474-1A3956D46DE8}") = "Administration", "Administration", "{4C215BDC-0FA1-46FA-953D-517A9803F78D}"
EndProject
Project("{FAE04EC0-301F-11D3-BF4B-00C04F79EFBC}") = "Yumiki.Data.Base", "Bases\Yumiki.Data.Base\Yumiki.Data.Base.csproj", "{04117F61-B63A-4414-A95D-63E6288449C6}"
EndProject
Project("{FAE04EC0-301F-11D3-BF4B-00C04F79EFBC}") = "Yumiki.Business.Base", "Bases\Yumiki.Business.Base\Yumiki.Business.Base.csproj", "{A2595517-2380-4FCA-8C7F-41EBBCADE68B}"
EndProject
Project("{FAE04EC0-301F-11D3-BF4B-00C04F79EFBC}") = "Yumiki.Entity.Base", "Bases\Yumiki.Entity.Base\Yumiki.Entity.Base.csproj", "{85D7CF5B-AAAC-4D00-9287-94866E19545E}"
EndProject
Project("{FAE04EC0-301F-11D3-BF4B-00C04F79EFBC}") = "Yumiki.Web.Base", "Bases\Yumiki.Web.Base\Yumiki.Web.Base.csproj", "{581BAAB0-B89D-401E-AD6D-6537DE8D47FB}"
EndProject
Project("{FAE04EC0-301F-11D3-BF4B-00C04F79EFBC}") = "Yumiki.Web.Master", "Presentation Layers\Yumiki.Web.Master\Yumiki.Web.Master.csproj", "{E83ED1DB-6862-47BC-83C8-E48040B9D24E}"
EndProject
Project("{FAE04EC0-301F-11D3-BF4B-00C04F79EFBC}") = "Yumiki.Business.Administration", "Business Layers\Yumiki.Business.Administration\Yumiki.Business.Administration.csproj", "{AD55E86C-84AE-40D3-B44C-3E71013DBEB2}"
EndProject
Project("{FAE04EC0-301F-11D3-BF4B-00C04F79EFBC}") = "Yumiki.Entity.Administration", "Entities\Yumiki.Entity.Administration\Yumiki.Entity.Administration.csproj", "{9D97C77F-B1DD-435A-B9AB-CC56115E061A}"
EndProject
Project("{FAE04EC0-301F-11D3-BF4B-00C04F79EFBC}") = "Yumiki.Data.Administration", "Data Layers\Yumiki.Data.Administration\Yumiki.Data.Administration.csproj", "{79010FE1-2086-452B-8CD0-265D7353FD60}"
EndProject
Project("{FAE04EC0-301F-11D3-BF4B-00C04F79EFBC}") = "Yumiki.Web.Administration", "Presentation Layers\Yumiki.Web.Master\Areas\Administration\Yumiki.Web.Administration.csproj", "{C73E2EF1-0899-4FA7-82D6-81460D89DFF5}"
EndProject
Project("{2150E333-8FDC-42A3-9474-1A3956D46DE8}") = "Databases", "Databases", "{9E888BA4-9EC9-44EF-9BA1-46D9B83471B7}"
EndProject
Project("{2150E333-8FDC-42A3-9474-1A3956D46DE8}") = "Master", "Master", "{8DC3E186-2A0A-4E1E-A0B0-5A604111010D}"
EndProject
Project("{FAE04EC0-301F-11D3-BF4B-00C04F79EFBC}") = "Yumiki.Business.Master", "Business Layers\Yumiki.Business.Master\Yumiki.Business.Master.csproj", "{BBC7119C-551F-4C2B-9614-05397F87550E}"
EndProject
Project("{FAE04EC0-301F-11D3-BF4B-00C04F79EFBC}") = "Yumiki.Data.Master", "Data Layers\Yumiki.Data.Master\Yumiki.Data.Master.csproj", "{B0383B21-9CFD-41D1-B361-45B75E5D5E67}"
EndProject
Project("{FAE04EC0-301F-11D3-BF4B-00C04F79EFBC}") = "Yumiki.Entity.Master", "Entities\Yumiki.Entity.Master\Yumiki.Entity.Master.csproj", "{944A77FE-9AF3-460C-B2AF-54ABF5E68F84}"
EndProject
Project("{FAE04EC0-301F-11D3-BF4B-00C04F79EFBC}") = "Yumiki.Databases", "Databases\Yumiki.Databases\Yumiki.Databases.csproj", "{29B8F432-1BAF-4B12-A3DD-19F19D0EFDCC}"
EndProject
Project("{2150E333-8FDC-42A3-9474-1A3956D46DE8}") = "MoneyTrace", "MoneyTrace", "{4BA228E8-8A45-4780-B99B-590D4AC96377}"
EndProject
Project("{FAE04EC0-301F-11D3-BF4B-00C04F79EFBC}") = "Yumiki.Data.MoneyTrace", "Data Layers\Yumiki.Data.MoneyTrace\Yumiki.Data.MoneyTrace.csproj", "{FA1822A4-3440-4D05-9808-536E5F83B6CC}"
EndProject
Project("{FAE04EC0-301F-11D3-BF4B-00C04F79EFBC}") = "Yumiki.Business.MoneyTrace", "Business Layers\Yumiki.Business.MoneyTrace\Yumiki.Business.MoneyTrace.csproj", "{014B7B1B-4F71-4E32-9631-F5DD2B686A3C}"
EndProject
Project("{FAE04EC0-301F-11D3-BF4B-00C04F79EFBC}") = "Yumiki.Entity.MoneyTrace", "Entities\Yumiki.Entity.MoneyTrace\Yumiki.Entity.MoneyTrace.csproj", "{70328F31-CD05-48A1-8027-FC67B8F9BF7F}"
EndProject
Project("{FAE04EC0-301F-11D3-BF4B-00C04F79EFBC}") = "Yumiki.Web.MoneyTrace", "Presentation Layers\Yumiki.Web.Master\Areas\MoneyTrace\Yumiki.Web.MoneyTrace.csproj", "{F1AA35D6-B0C3-4DE9-86BD-C6BE6EE8E5E4}"
EndProject
Project("{FAE04EC0-301F-11D3-BF4B-00C04F79EFBC}") = "Yumiki.Commons", "Commons\Yumiki.Commons\Yumiki.Commons.csproj", "{7C58DEB3-E136-4086-B9A5-44C5CB28B269}"
EndProject
Project("{FAE04EC0-301F-11D3-BF4B-00C04F79EFBC}") = "Yumiki.Resources", "Commons\Yumiki.Resources\Yumiki.Resources.csproj", "{FDB29123-A3F0-4ED0-9D67-EC25734877AB}"
EndProject
Project("{2150E333-8FDC-42A3-9474-1A3956D46DE8}") = "Services", "Services", "{112A417A-FE5C-4934-B28B-B6F3544E2AFA}"
EndProject
Project("{FAE04EC0-301F-11D3-BF4B-00C04F79EFBC}") = "Yumiki.Service.SyncService", "Services\Yumiki.Service.SyncService\Yumiki.Service.SyncService.csproj", "{3A3C975F-1DF8-44E6-9F16-543FDB495F6A}"
EndProject
Project("{FAE04EC0-301F-11D3-BF4B-00C04F79EFBC}") = "Yumiki.Service.QueueService", "Services\Yumiki.Service.QueueService\Yumiki.Service.QueueService.csproj", "{66CFB1B9-61AB-4B5A-BF8D-C598550DD2EF}"
EndProject
Project("{FAE04EC0-301F-11D3-BF4B-00C04F79EFBC}") = "Yumiki.Service.Base", "Bases\Yumiki.Service.Base\Yumiki.Service.Base.csproj", "{76218200-AE05-4A06-9C41-35674B98DC81}"
EndProject
Project("{2150E333-8FDC-42A3-9474-1A3956D46DE8}") = "WellCovered", "WellCovered", "{1D37D19B-CF70-41B8-998A-DD871EC5BFBD}"
EndProject
Project("{FAE04EC0-301F-11D3-BF4B-00C04F79EFBC}") = "Yumiki.Data.WellCovered", "Data Layers\Yumiki.Data.WellCovered\Yumiki.Data.WellCovered.csproj", "{10A05FC7-C621-44B4-BB73-810FF0D600D8}"
EndProject
Project("{FAE04EC0-301F-11D3-BF4B-00C04F79EFBC}") = "Yumiki.Business.WellCovered", "Business Layers\Yumiki.Business.WellCovered\Yumiki.Business.WellCovered.csproj", "{F96259AA-1DD2-4EE3-B7AE-EF049F09A934}"
EndProject
Project("{FAE04EC0-301F-11D3-BF4B-00C04F79EFBC}") = "Yumiki.Entity.WellCovered", "Entities\Yumiki.Entity.WellCovered\Yumiki.Entity.WellCovered.csproj", "{C3E9B0D0-2D29-4D52-AC13-89B8B4AB1EFB}"
EndProject
Project("{FAE04EC0-301F-11D3-BF4B-00C04F79EFBC}") = "Yumiki.Web.WellCovered", "Presentation Layers\Yumiki.Web.Master\Areas\WellCovered\Yumiki.Web.WellCovered.csproj", "{2B0E03EC-5D44-49C5-B550-A15EC5D5768F}"
EndProject
Project("{2150E333-8FDC-42A3-9474-1A3956D46DE8}") = "OnTime", "OnTime", "{571AB4E4-4710-480B-9DDD-5D206C9234EA}"
EndProject
Project("{FAE04EC0-301F-11D3-BF4B-00C04F79EFBC}") = "Yumiki.Web.OnTime", "Presentation Layers\Yumiki.Web.Master\Areas\OnTime\Yumiki.Web.OnTime.csproj", "{8172DCB1-52BF-45EB-8E8A-9BFB9ABFBBB8}"
EndProject
Project("{FAE04EC0-301F-11D3-BF4B-00C04F79EFBC}") = "Yumiki.Entity.OnTime", "Entities\Yumiki.Entity.OnTime\Yumiki.Entity.OnTime.csproj", "{DB9F4221-9A40-4352-9B81-8AD20A8CF49C}"
EndProject
Project("{FAE04EC0-301F-11D3-BF4B-00C04F79EFBC}") = "Yumiki.Business.OnTime", "Business Layers\Yumiki.Business.OnTime\Yumiki.Business.OnTime.csproj", "{C169280D-1B7A-4611-8415-ED29B427E5D6}"
EndProject
Project("{FAE04EC0-301F-11D3-BF4B-00C04F79EFBC}") = "Yumiki.Data.OnTime", "Data Layers\Yumiki.Data.OnTime\Yumiki.Data.OnTime.csproj", "{DE2BB2B4-8107-456D-9543-DE96F016421F}"
EndProject
Project("{2150E333-8FDC-42A3-9474-1A3956D46DE8}") = "Shopper", "Shopper", "{0F7BA17A-91C3-40CE-A9A5-AE1698450CFF}"
EndProject
Project("{FAE04EC0-301F-11D3-BF4B-00C04F79EFBC}") = "Yumiki.Web.Shopper", "Presentation Layers\Yumiki.Web.Master\Areas\Shopper\Yumiki.Web.Shopper.csproj", "{8805CF31-D610-451C-93DC-3C111F44A985}"
EndProject
Project("{FAE04EC0-301F-11D3-BF4B-00C04F79EFBC}") = "Yumiki.Entity.Shopper", "Entities\Yumiki.Entity.Shopper\Yumiki.Entity.Shopper.csproj", "{C0E3AFB6-71FC-47F5-9E39-595AB9474B01}"
EndProject
Project("{FAE04EC0-301F-11D3-BF4B-00C04F79EFBC}") = "Yumiki.Data.Shopper", "Data Layers\Yumiki.Data.Shopper\Yumiki.Data.Shopper.csproj", "{3CB610F5-B2AB-4BCF-B527-1755DBFE16F4}"
EndProject
Project("{FAE04EC0-301F-11D3-BF4B-00C04F79EFBC}") = "Yumiki.Business.Shopper", "Business Layers\Yumiki.Business.Shopper\Yumiki.Business.Shopper.csproj", "{402FA80E-9716-41F0-AC03-749B4A407408}"
EndProject
Global
	GlobalSection(SolutionConfigurationPlatforms) = preSolution
		Debug|Any CPU = Debug|Any CPU
		Release|Any CPU = Release|Any CPU
	EndGlobalSection
	GlobalSection(ProjectConfigurationPlatforms) = postSolution
		{04117F61-B63A-4414-A95D-63E6288449C6}.Debug|Any CPU.ActiveCfg = Debug|Any CPU
		{04117F61-B63A-4414-A95D-63E6288449C6}.Debug|Any CPU.Build.0 = Debug|Any CPU
		{04117F61-B63A-4414-A95D-63E6288449C6}.Release|Any CPU.ActiveCfg = Release|Any CPU
		{04117F61-B63A-4414-A95D-63E6288449C6}.Release|Any CPU.Build.0 = Release|Any CPU
		{A2595517-2380-4FCA-8C7F-41EBBCADE68B}.Debug|Any CPU.ActiveCfg = Debug|Any CPU
		{A2595517-2380-4FCA-8C7F-41EBBCADE68B}.Debug|Any CPU.Build.0 = Debug|Any CPU
		{A2595517-2380-4FCA-8C7F-41EBBCADE68B}.Release|Any CPU.ActiveCfg = Release|Any CPU
		{A2595517-2380-4FCA-8C7F-41EBBCADE68B}.Release|Any CPU.Build.0 = Release|Any CPU
		{85D7CF5B-AAAC-4D00-9287-94866E19545E}.Debug|Any CPU.ActiveCfg = Debug|Any CPU
		{85D7CF5B-AAAC-4D00-9287-94866E19545E}.Debug|Any CPU.Build.0 = Debug|Any CPU
		{85D7CF5B-AAAC-4D00-9287-94866E19545E}.Release|Any CPU.ActiveCfg = Release|Any CPU
		{85D7CF5B-AAAC-4D00-9287-94866E19545E}.Release|Any CPU.Build.0 = Release|Any CPU
		{581BAAB0-B89D-401E-AD6D-6537DE8D47FB}.Debug|Any CPU.ActiveCfg = Debug|Any CPU
		{581BAAB0-B89D-401E-AD6D-6537DE8D47FB}.Debug|Any CPU.Build.0 = Debug|Any CPU
		{581BAAB0-B89D-401E-AD6D-6537DE8D47FB}.Release|Any CPU.ActiveCfg = Release|Any CPU
		{581BAAB0-B89D-401E-AD6D-6537DE8D47FB}.Release|Any CPU.Build.0 = Release|Any CPU
		{E83ED1DB-6862-47BC-83C8-E48040B9D24E}.Debug|Any CPU.ActiveCfg = Debug|Any CPU
		{E83ED1DB-6862-47BC-83C8-E48040B9D24E}.Debug|Any CPU.Build.0 = Debug|Any CPU
		{E83ED1DB-6862-47BC-83C8-E48040B9D24E}.Release|Any CPU.ActiveCfg = Release|Any CPU
		{E83ED1DB-6862-47BC-83C8-E48040B9D24E}.Release|Any CPU.Build.0 = Release|Any CPU
		{AD55E86C-84AE-40D3-B44C-3E71013DBEB2}.Debug|Any CPU.ActiveCfg = Debug|Any CPU
		{AD55E86C-84AE-40D3-B44C-3E71013DBEB2}.Debug|Any CPU.Build.0 = Debug|Any CPU
		{AD55E86C-84AE-40D3-B44C-3E71013DBEB2}.Release|Any CPU.ActiveCfg = Release|Any CPU
		{AD55E86C-84AE-40D3-B44C-3E71013DBEB2}.Release|Any CPU.Build.0 = Release|Any CPU
		{9D97C77F-B1DD-435A-B9AB-CC56115E061A}.Debug|Any CPU.ActiveCfg = Debug|Any CPU
		{9D97C77F-B1DD-435A-B9AB-CC56115E061A}.Debug|Any CPU.Build.0 = Debug|Any CPU
		{9D97C77F-B1DD-435A-B9AB-CC56115E061A}.Release|Any CPU.ActiveCfg = Release|Any CPU
		{9D97C77F-B1DD-435A-B9AB-CC56115E061A}.Release|Any CPU.Build.0 = Release|Any CPU
		{79010FE1-2086-452B-8CD0-265D7353FD60}.Debug|Any CPU.ActiveCfg = Debug|Any CPU
		{79010FE1-2086-452B-8CD0-265D7353FD60}.Debug|Any CPU.Build.0 = Debug|Any CPU
		{79010FE1-2086-452B-8CD0-265D7353FD60}.Release|Any CPU.ActiveCfg = Release|Any CPU
		{79010FE1-2086-452B-8CD0-265D7353FD60}.Release|Any CPU.Build.0 = Release|Any CPU
		{C73E2EF1-0899-4FA7-82D6-81460D89DFF5}.Debug|Any CPU.ActiveCfg = Debug|Any CPU
		{C73E2EF1-0899-4FA7-82D6-81460D89DFF5}.Debug|Any CPU.Build.0 = Debug|Any CPU
		{C73E2EF1-0899-4FA7-82D6-81460D89DFF5}.Release|Any CPU.ActiveCfg = Release|Any CPU
		{C73E2EF1-0899-4FA7-82D6-81460D89DFF5}.Release|Any CPU.Build.0 = Release|Any CPU
		{BBC7119C-551F-4C2B-9614-05397F87550E}.Debug|Any CPU.ActiveCfg = Debug|Any CPU
		{BBC7119C-551F-4C2B-9614-05397F87550E}.Debug|Any CPU.Build.0 = Debug|Any CPU
		{BBC7119C-551F-4C2B-9614-05397F87550E}.Release|Any CPU.ActiveCfg = Release|Any CPU
		{BBC7119C-551F-4C2B-9614-05397F87550E}.Release|Any CPU.Build.0 = Release|Any CPU
		{B0383B21-9CFD-41D1-B361-45B75E5D5E67}.Debug|Any CPU.ActiveCfg = Debug|Any CPU
		{B0383B21-9CFD-41D1-B361-45B75E5D5E67}.Debug|Any CPU.Build.0 = Debug|Any CPU
		{B0383B21-9CFD-41D1-B361-45B75E5D5E67}.Release|Any CPU.ActiveCfg = Release|Any CPU
		{B0383B21-9CFD-41D1-B361-45B75E5D5E67}.Release|Any CPU.Build.0 = Release|Any CPU
		{944A77FE-9AF3-460C-B2AF-54ABF5E68F84}.Debug|Any CPU.ActiveCfg = Debug|Any CPU
		{944A77FE-9AF3-460C-B2AF-54ABF5E68F84}.Debug|Any CPU.Build.0 = Debug|Any CPU
		{944A77FE-9AF3-460C-B2AF-54ABF5E68F84}.Release|Any CPU.ActiveCfg = Release|Any CPU
		{944A77FE-9AF3-460C-B2AF-54ABF5E68F84}.Release|Any CPU.Build.0 = Release|Any CPU
		{29B8F432-1BAF-4B12-A3DD-19F19D0EFDCC}.Debug|Any CPU.ActiveCfg = Debug|Any CPU
		{29B8F432-1BAF-4B12-A3DD-19F19D0EFDCC}.Debug|Any CPU.Build.0 = Debug|Any CPU
		{29B8F432-1BAF-4B12-A3DD-19F19D0EFDCC}.Release|Any CPU.ActiveCfg = Release|Any CPU
		{29B8F432-1BAF-4B12-A3DD-19F19D0EFDCC}.Release|Any CPU.Build.0 = Release|Any CPU
		{FA1822A4-3440-4D05-9808-536E5F83B6CC}.Debug|Any CPU.ActiveCfg = Debug|Any CPU
		{FA1822A4-3440-4D05-9808-536E5F83B6CC}.Debug|Any CPU.Build.0 = Debug|Any CPU
		{FA1822A4-3440-4D05-9808-536E5F83B6CC}.Release|Any CPU.ActiveCfg = Release|Any CPU
		{FA1822A4-3440-4D05-9808-536E5F83B6CC}.Release|Any CPU.Build.0 = Release|Any CPU
		{014B7B1B-4F71-4E32-9631-F5DD2B686A3C}.Debug|Any CPU.ActiveCfg = Debug|Any CPU
		{014B7B1B-4F71-4E32-9631-F5DD2B686A3C}.Debug|Any CPU.Build.0 = Debug|Any CPU
		{014B7B1B-4F71-4E32-9631-F5DD2B686A3C}.Release|Any CPU.ActiveCfg = Release|Any CPU
		{014B7B1B-4F71-4E32-9631-F5DD2B686A3C}.Release|Any CPU.Build.0 = Release|Any CPU
		{70328F31-CD05-48A1-8027-FC67B8F9BF7F}.Debug|Any CPU.ActiveCfg = Debug|Any CPU
		{70328F31-CD05-48A1-8027-FC67B8F9BF7F}.Debug|Any CPU.Build.0 = Debug|Any CPU
		{70328F31-CD05-48A1-8027-FC67B8F9BF7F}.Release|Any CPU.ActiveCfg = Release|Any CPU
		{70328F31-CD05-48A1-8027-FC67B8F9BF7F}.Release|Any CPU.Build.0 = Release|Any CPU
		{F1AA35D6-B0C3-4DE9-86BD-C6BE6EE8E5E4}.Debug|Any CPU.ActiveCfg = Debug|Any CPU
		{F1AA35D6-B0C3-4DE9-86BD-C6BE6EE8E5E4}.Debug|Any CPU.Build.0 = Debug|Any CPU
		{F1AA35D6-B0C3-4DE9-86BD-C6BE6EE8E5E4}.Release|Any CPU.ActiveCfg = Release|Any CPU
		{F1AA35D6-B0C3-4DE9-86BD-C6BE6EE8E5E4}.Release|Any CPU.Build.0 = Release|Any CPU
		{7C58DEB3-E136-4086-B9A5-44C5CB28B269}.Debug|Any CPU.ActiveCfg = Debug|Any CPU
		{7C58DEB3-E136-4086-B9A5-44C5CB28B269}.Debug|Any CPU.Build.0 = Debug|Any CPU
		{7C58DEB3-E136-4086-B9A5-44C5CB28B269}.Release|Any CPU.ActiveCfg = Release|Any CPU
		{7C58DEB3-E136-4086-B9A5-44C5CB28B269}.Release|Any CPU.Build.0 = Release|Any CPU
		{FDB29123-A3F0-4ED0-9D67-EC25734877AB}.Debug|Any CPU.ActiveCfg = Debug|Any CPU
		{FDB29123-A3F0-4ED0-9D67-EC25734877AB}.Debug|Any CPU.Build.0 = Debug|Any CPU
		{FDB29123-A3F0-4ED0-9D67-EC25734877AB}.Release|Any CPU.ActiveCfg = Release|Any CPU
		{FDB29123-A3F0-4ED0-9D67-EC25734877AB}.Release|Any CPU.Build.0 = Release|Any CPU
		{3A3C975F-1DF8-44E6-9F16-543FDB495F6A}.Debug|Any CPU.ActiveCfg = Debug|Any CPU
		{3A3C975F-1DF8-44E6-9F16-543FDB495F6A}.Release|Any CPU.ActiveCfg = Release|Any CPU
		{3A3C975F-1DF8-44E6-9F16-543FDB495F6A}.Release|Any CPU.Build.0 = Release|Any CPU
		{66CFB1B9-61AB-4B5A-BF8D-C598550DD2EF}.Debug|Any CPU.ActiveCfg = Debug|Any CPU
		{66CFB1B9-61AB-4B5A-BF8D-C598550DD2EF}.Release|Any CPU.ActiveCfg = Release|Any CPU
		{66CFB1B9-61AB-4B5A-BF8D-C598550DD2EF}.Release|Any CPU.Build.0 = Release|Any CPU
		{76218200-AE05-4A06-9C41-35674B98DC81}.Debug|Any CPU.ActiveCfg = Debug|Any CPU
		{76218200-AE05-4A06-9C41-35674B98DC81}.Release|Any CPU.ActiveCfg = Release|Any CPU
		{76218200-AE05-4A06-9C41-35674B98DC81}.Release|Any CPU.Build.0 = Release|Any CPU
		{10A05FC7-C621-44B4-BB73-810FF0D600D8}.Debug|Any CPU.ActiveCfg = Debug|Any CPU
		{10A05FC7-C621-44B4-BB73-810FF0D600D8}.Debug|Any CPU.Build.0 = Debug|Any CPU
		{10A05FC7-C621-44B4-BB73-810FF0D600D8}.Release|Any CPU.ActiveCfg = Release|Any CPU
		{10A05FC7-C621-44B4-BB73-810FF0D600D8}.Release|Any CPU.Build.0 = Release|Any CPU
		{F96259AA-1DD2-4EE3-B7AE-EF049F09A934}.Debug|Any CPU.ActiveCfg = Debug|Any CPU
		{F96259AA-1DD2-4EE3-B7AE-EF049F09A934}.Debug|Any CPU.Build.0 = Debug|Any CPU
		{F96259AA-1DD2-4EE3-B7AE-EF049F09A934}.Release|Any CPU.ActiveCfg = Release|Any CPU
		{F96259AA-1DD2-4EE3-B7AE-EF049F09A934}.Release|Any CPU.Build.0 = Release|Any CPU
		{C3E9B0D0-2D29-4D52-AC13-89B8B4AB1EFB}.Debug|Any CPU.ActiveCfg = Debug|Any CPU
		{C3E9B0D0-2D29-4D52-AC13-89B8B4AB1EFB}.Debug|Any CPU.Build.0 = Debug|Any CPU
		{C3E9B0D0-2D29-4D52-AC13-89B8B4AB1EFB}.Release|Any CPU.ActiveCfg = Release|Any CPU
		{C3E9B0D0-2D29-4D52-AC13-89B8B4AB1EFB}.Release|Any CPU.Build.0 = Release|Any CPU
		{2B0E03EC-5D44-49C5-B550-A15EC5D5768F}.Debug|Any CPU.ActiveCfg = Debug|Any CPU
		{2B0E03EC-5D44-49C5-B550-A15EC5D5768F}.Debug|Any CPU.Build.0 = Debug|Any CPU
		{2B0E03EC-5D44-49C5-B550-A15EC5D5768F}.Release|Any CPU.ActiveCfg = Release|Any CPU
		{2B0E03EC-5D44-49C5-B550-A15EC5D5768F}.Release|Any CPU.Build.0 = Release|Any CPU
		{8172DCB1-52BF-45EB-8E8A-9BFB9ABFBBB8}.Debug|Any CPU.ActiveCfg = Debug|Any CPU
		{8172DCB1-52BF-45EB-8E8A-9BFB9ABFBBB8}.Debug|Any CPU.Build.0 = Debug|Any CPU
		{8172DCB1-52BF-45EB-8E8A-9BFB9ABFBBB8}.Release|Any CPU.ActiveCfg = Release|Any CPU
		{8172DCB1-52BF-45EB-8E8A-9BFB9ABFBBB8}.Release|Any CPU.Build.0 = Release|Any CPU
		{DB9F4221-9A40-4352-9B81-8AD20A8CF49C}.Debug|Any CPU.ActiveCfg = Debug|Any CPU
		{DB9F4221-9A40-4352-9B81-8AD20A8CF49C}.Debug|Any CPU.Build.0 = Debug|Any CPU
		{DB9F4221-9A40-4352-9B81-8AD20A8CF49C}.Release|Any CPU.ActiveCfg = Release|Any CPU
		{DB9F4221-9A40-4352-9B81-8AD20A8CF49C}.Release|Any CPU.Build.0 = Release|Any CPU
		{C169280D-1B7A-4611-8415-ED29B427E5D6}.Debug|Any CPU.ActiveCfg = Debug|Any CPU
		{C169280D-1B7A-4611-8415-ED29B427E5D6}.Debug|Any CPU.Build.0 = Debug|Any CPU
		{C169280D-1B7A-4611-8415-ED29B427E5D6}.Release|Any CPU.ActiveCfg = Release|Any CPU
		{C169280D-1B7A-4611-8415-ED29B427E5D6}.Release|Any CPU.Build.0 = Release|Any CPU
		{DE2BB2B4-8107-456D-9543-DE96F016421F}.Debug|Any CPU.ActiveCfg = Debug|Any CPU
		{DE2BB2B4-8107-456D-9543-DE96F016421F}.Debug|Any CPU.Build.0 = Debug|Any CPU
		{DE2BB2B4-8107-456D-9543-DE96F016421F}.Release|Any CPU.ActiveCfg = Release|Any CPU
		{DE2BB2B4-8107-456D-9543-DE96F016421F}.Release|Any CPU.Build.0 = Release|Any CPU
		{8805CF31-D610-451C-93DC-3C111F44A985}.Debug|Any CPU.ActiveCfg = Debug|Any CPU
		{8805CF31-D610-451C-93DC-3C111F44A985}.Debug|Any CPU.Build.0 = Debug|Any CPU
		{8805CF31-D610-451C-93DC-3C111F44A985}.Release|Any CPU.ActiveCfg = Release|Any CPU
		{8805CF31-D610-451C-93DC-3C111F44A985}.Release|Any CPU.Build.0 = Release|Any CPU
		{C0E3AFB6-71FC-47F5-9E39-595AB9474B01}.Debug|Any CPU.ActiveCfg = Debug|Any CPU
		{C0E3AFB6-71FC-47F5-9E39-595AB9474B01}.Debug|Any CPU.Build.0 = Debug|Any CPU
		{C0E3AFB6-71FC-47F5-9E39-595AB9474B01}.Release|Any CPU.ActiveCfg = Release|Any CPU
		{C0E3AFB6-71FC-47F5-9E39-595AB9474B01}.Release|Any CPU.Build.0 = Release|Any CPU
		{3CB610F5-B2AB-4BCF-B527-1755DBFE16F4}.Debug|Any CPU.ActiveCfg = Debug|Any CPU
		{3CB610F5-B2AB-4BCF-B527-1755DBFE16F4}.Debug|Any CPU.Build.0 = Debug|Any CPU
		{3CB610F5-B2AB-4BCF-B527-1755DBFE16F4}.Release|Any CPU.ActiveCfg = Release|Any CPU
		{3CB610F5-B2AB-4BCF-B527-1755DBFE16F4}.Release|Any CPU.Build.0 = Release|Any CPU
		{402FA80E-9716-41F0-AC03-749B4A407408}.Debug|Any CPU.ActiveCfg = Debug|Any CPU
		{402FA80E-9716-41F0-AC03-749B4A407408}.Debug|Any CPU.Build.0 = Debug|Any CPU
		{402FA80E-9716-41F0-AC03-749B4A407408}.Release|Any CPU.ActiveCfg = Release|Any CPU
		{402FA80E-9716-41F0-AC03-749B4A407408}.Release|Any CPU.Build.0 = Release|Any CPU
	EndGlobalSection
	GlobalSection(SolutionProperties) = preSolution
		HideSolutionNode = FALSE
	EndGlobalSection
	GlobalSection(NestedProjects) = preSolution
		{04117F61-B63A-4414-A95D-63E6288449C6} = {98CBC24E-7226-440D-91EA-AC893F61218E}
		{A2595517-2380-4FCA-8C7F-41EBBCADE68B} = {98CBC24E-7226-440D-91EA-AC893F61218E}
		{85D7CF5B-AAAC-4D00-9287-94866E19545E} = {98CBC24E-7226-440D-91EA-AC893F61218E}
		{581BAAB0-B89D-401E-AD6D-6537DE8D47FB} = {98CBC24E-7226-440D-91EA-AC893F61218E}
		{E83ED1DB-6862-47BC-83C8-E48040B9D24E} = {8DC3E186-2A0A-4E1E-A0B0-5A604111010D}
		{AD55E86C-84AE-40D3-B44C-3E71013DBEB2} = {4C215BDC-0FA1-46FA-953D-517A9803F78D}
		{9D97C77F-B1DD-435A-B9AB-CC56115E061A} = {4C215BDC-0FA1-46FA-953D-517A9803F78D}
		{79010FE1-2086-452B-8CD0-265D7353FD60} = {4C215BDC-0FA1-46FA-953D-517A9803F78D}
		{C73E2EF1-0899-4FA7-82D6-81460D89DFF5} = {4C215BDC-0FA1-46FA-953D-517A9803F78D}
		{BBC7119C-551F-4C2B-9614-05397F87550E} = {8DC3E186-2A0A-4E1E-A0B0-5A604111010D}
		{B0383B21-9CFD-41D1-B361-45B75E5D5E67} = {8DC3E186-2A0A-4E1E-A0B0-5A604111010D}
		{944A77FE-9AF3-460C-B2AF-54ABF5E68F84} = {8DC3E186-2A0A-4E1E-A0B0-5A604111010D}
		{29B8F432-1BAF-4B12-A3DD-19F19D0EFDCC} = {9E888BA4-9EC9-44EF-9BA1-46D9B83471B7}
		{FA1822A4-3440-4D05-9808-536E5F83B6CC} = {4BA228E8-8A45-4780-B99B-590D4AC96377}
		{014B7B1B-4F71-4E32-9631-F5DD2B686A3C} = {4BA228E8-8A45-4780-B99B-590D4AC96377}
		{70328F31-CD05-48A1-8027-FC67B8F9BF7F} = {4BA228E8-8A45-4780-B99B-590D4AC96377}
		{F1AA35D6-B0C3-4DE9-86BD-C6BE6EE8E5E4} = {4BA228E8-8A45-4780-B99B-590D4AC96377}
		{7C58DEB3-E136-4086-B9A5-44C5CB28B269} = {5CF9EC9C-A660-4177-99A8-374DE3E55C4E}
		{FDB29123-A3F0-4ED0-9D67-EC25734877AB} = {5CF9EC9C-A660-4177-99A8-374DE3E55C4E}
		{3A3C975F-1DF8-44E6-9F16-543FDB495F6A} = {112A417A-FE5C-4934-B28B-B6F3544E2AFA}
		{66CFB1B9-61AB-4B5A-BF8D-C598550DD2EF} = {112A417A-FE5C-4934-B28B-B6F3544E2AFA}
		{76218200-AE05-4A06-9C41-35674B98DC81} = {98CBC24E-7226-440D-91EA-AC893F61218E}
		{10A05FC7-C621-44B4-BB73-810FF0D600D8} = {1D37D19B-CF70-41B8-998A-DD871EC5BFBD}
		{F96259AA-1DD2-4EE3-B7AE-EF049F09A934} = {1D37D19B-CF70-41B8-998A-DD871EC5BFBD}
		{C3E9B0D0-2D29-4D52-AC13-89B8B4AB1EFB} = {1D37D19B-CF70-41B8-998A-DD871EC5BFBD}
		{2B0E03EC-5D44-49C5-B550-A15EC5D5768F} = {1D37D19B-CF70-41B8-998A-DD871EC5BFBD}
		{8172DCB1-52BF-45EB-8E8A-9BFB9ABFBBB8} = {571AB4E4-4710-480B-9DDD-5D206C9234EA}
		{DB9F4221-9A40-4352-9B81-8AD20A8CF49C} = {571AB4E4-4710-480B-9DDD-5D206C9234EA}
		{C169280D-1B7A-4611-8415-ED29B427E5D6} = {571AB4E4-4710-480B-9DDD-5D206C9234EA}
		{DE2BB2B4-8107-456D-9543-DE96F016421F} = {571AB4E4-4710-480B-9DDD-5D206C9234EA}
		{8805CF31-D610-451C-93DC-3C111F44A985} = {0F7BA17A-91C3-40CE-A9A5-AE1698450CFF}
		{C0E3AFB6-71FC-47F5-9E39-595AB9474B01} = {0F7BA17A-91C3-40CE-A9A5-AE1698450CFF}
		{3CB610F5-B2AB-4BCF-B527-1755DBFE16F4} = {0F7BA17A-91C3-40CE-A9A5-AE1698450CFF}
		{402FA80E-9716-41F0-AC03-749B4A407408} = {0F7BA17A-91C3-40CE-A9A5-AE1698450CFF}
	EndGlobalSection
	GlobalSection(ExtensibilityGlobals) = postSolution
		SolutionGuid = {BF388924-4DB8-478A-8AB3-EF5E2A3941C2}
	EndGlobalSection
EndGlobal
